github.com/eaglebush/cachekit v0.0.0-20260331083104-79f1ec41ce99 h1:7BSaaLCgvvPPZZ6Sk5jKJtBJKQd2UgOr64RtFHl7WLA=
github.com/eaglebush/cachekit v0.0.0-20260331083104-79f1ec41ce99/go.mod h1:vFf6zPWqPzQYQlU7mUV0f0RHPIbbITv6kxbxYPbtTPQ=
github.com/eaglebush/config v0.1.4 h1:MXxMTLC6iDQjTb93PxRY5rqJFnkv1707/k4Cwl9lQ1o=
github.com/eaglebush/config v0.1.4/go.mod h1:UkGigEfx+L8E6iSiy130RcUrBl3SV9DPbisdV212wf8=
github.com/eaglebush/datainfo v0.1.0 h1:tDQg2UcPrw6Lkjj98L3IS6hCCu4IhDCMr9Md4mb2maM=
github.com/eaglebush/datainfo v0.1.0/go.mod h1:X+/1ax+ZMKkVl+E5BDu+SE2TXxNYsF7OaO0kDzFyYcE=
github.com/eaglebush/valuemap v0.1.1 h1:aJ233wag/6deDCDQ39x5DpJfFGStzZNF0WVrDSKI6lc=
github.com/eaglebush/valuemap v0.1.1/go.mod h1:fRvHxpp9ddNb6I4FfSxJcc+xsCygs7UxbrvYpXQarHI=
github.com/stdutil/event v0.1.0 h1:1nM2nIXrboWA7W6djkvOoOCu93MTttsyMk6bpr330/o=
github.com/stdutil/event v0.1.0/go.mod h1:kSbqoPxVLFidrjAdeBX9jbEn6JzNA1zQR8irawTi1us=
github.com/stdutil/log v0.1.3 h1:rCOLeUjmR6R2nbk4D3F06ypkIBQMRICJ8p3ew9k+2Cw=
github.com/stdutil/log v0.1.3/go.mod h1:wDyk7xCaS2MfSoWfBpTL0db/gyOvjM11hiCcFCc1mKE=
